
Microsoft Visual Studio Solution File, Format Version 12.00
# Visual Studio Version 17
VisualStudioVersion = 17.6.33815.320
MinimumVisualStudioVersion = 10.0.40219.1
Project("{888888A0-9F3D-457C-B088-3A5042F75D52}") = "NLP project", "NLP project\NLP project.pyproj", "{FEF4AEEE-D457-40D5-965A-0B130FCFB22C}"
EndProject
Global
	GlobalSection(SolutionConfigurationPlatforms) = preSolution
		Debug|Any CPU = Debug|Any CPU
		Release|Any CPU = Release|Any CPU
	EndGlobalSection
	GlobalSection(ProjectConfigurationPlatforms) = postSolution
		{FEF4AEEE-D457-40D5-965A-0B130FCFB22C}.Debug|Any CPU.ActiveCfg = Debug|Any CPU
		{FEF4AEEE-D457-40D5-965A-0B130FCFB22C}.Release|Any CPU.ActiveCfg = Release|Any CPU
	EndGlobalSection
	GlobalSection(SolutionProperties) = preSolution
		HideSolutionNode = FALSE
	EndGlobalSection
	GlobalSection(ExtensibilityGlobals) = postSolution
		SolutionGuid = {B90412B7-65DC-4C6F-B336-C02C945C56F4}
	EndGlobalSection
EndGlobal
